
Microsoft Visual Studio Solution File, Format Version 12.00
# Visual Studio Version 16
VisualStudioVersion = 16.0.29230.47
MinimumVisualStudioVersion = 10.0.40219.1
Project("{8BC9CEB8-8B4A-11D0-8D11-00A0C91BC942}") = "EstruturaDeDados-Fila-Cpp", "EstruturaDeDados-Fila-Cpp\EstruturaDeDados-Fila-Cpp.vcxproj", "{D9CED1D4-869E-4AE6-8BEA-354CDEF2983F}"
EndProject
Global
	GlobalSection(SolutionConfigurationPlatforms) = preSolution
		Debug|x64 = Debug|x64
		Debug|x86 = Debug|x86
		Release|x64 = Release|x64
		Release|x86 = Release|x86
	EndGlobalSection
	GlobalSection(ProjectConfigurationPlatforms) = postSolution
		{D9CED1D4-869E-4AE6-8BEA-354CDEF2983F}.Debug|x64.ActiveCfg = Debug|x64
		{D9CED1D4-869E-4AE6-8BEA-354CDEF2983F}.Debug|x64.Build.0 = Debug|x64
		{D9CED1D4-869E-4AE6-8BEA-354CDEF2983F}.Debug|x86.ActiveCfg = Debug|Win32
		{D9CED1D4-869E-4AE6-8BEA-354CDEF2983F}.Debug|x86.Build.0 = Debug|Win32
		{D9CED1D4-869E-4AE6-8BEA-354CDEF2983F}.Release|x64.ActiveCfg = Release|x64
		{D9CED1D4-869E-4AE6-8BEA-354CDEF2983F}.Release|x64.Build.0 = Release|x64
		{D9CED1D4-869E-4AE6-8BEA-354CDEF2983F}.Release|x86.ActiveCfg = Release|Win32
		{D9CED1D4-869E-4AE6-8BEA-354CDEF2983F}.Release|x86.Build.0 = Release|Win32
	EndGlobalSection
	GlobalSection(SolutionProperties) = preSolution
		HideSolutionNode = FALSE
	EndGlobalSection
	GlobalSection(ExtensibilityGlobals) = postSolution
		SolutionGuid = {A6EF5864-57CE-460E-B4BD-19212A3EDBBC}
	EndGlobalSection
EndGlobal
