
Microsoft Visual Studio Solution File, Format Version 12.00
# Visual Studio Version 16
VisualStudioVersion = 16.0.29230.47
MinimumVisualStudioVersion = 10.0.40219.1
Project("{8BC9CEB8-8B4A-11D0-8D11-00A0C91BC942}") = "criar-variável-Struct", "criar-variável-Struct\criar-variável-Struct.vcxproj", "{ACFC7D3E-D3C8-45F0-BABF-FEE1F56BEE9F}"
EndProject
Global
	GlobalSection(SolutionConfigurationPlatforms) = preSolution
		Debug|x64 = Debug|x64
		Debug|x86 = Debug|x86
		Release|x64 = Release|x64
		Release|x86 = Release|x86
	EndGlobalSection
	GlobalSection(ProjectConfigurationPlatforms) = postSolution
		{ACFC7D3E-D3C8-45F0-BABF-FEE1F56BEE9F}.Debug|x64.ActiveCfg = Debug|x64
		{ACFC7D3E-D3C8-45F0-BABF-FEE1F56BEE9F}.Debug|x64.Build.0 = Debug|x64
		{ACFC7D3E-D3C8-45F0-BABF-FEE1F56BEE9F}.Debug|x86.ActiveCfg = Debug|Win32
		{ACFC7D3E-D3C8-45F0-BABF-FEE1F56BEE9F}.Debug|x86.Build.0 = Debug|Win32
		{ACFC7D3E-D3C8-45F0-BABF-FEE1F56BEE9F}.Release|x64.ActiveCfg = Release|x64
		{ACFC7D3E-D3C8-45F0-BABF-FEE1F56BEE9F}.Release|x64.Build.0 = Release|x64
		{ACFC7D3E-D3C8-45F0-BABF-FEE1F56BEE9F}.Release|x86.ActiveCfg = Release|Win32
		{ACFC7D3E-D3C8-45F0-BABF-FEE1F56BEE9F}.Release|x86.Build.0 = Release|Win32
	EndGlobalSection
	GlobalSection(SolutionProperties) = preSolution
		HideSolutionNode = FALSE
	EndGlobalSection
	GlobalSection(ExtensibilityGlobals) = postSolution
		SolutionGuid = {2127C405-98EA-437B-951A-1ACBC91A3F7D}
	EndGlobalSection
EndGlobal
