
Microsoft Visual Studio Solution File, Format Version 12.00
# Visual Studio Version 16
VisualStudioVersion = 16.0.29926.136
MinimumVisualStudioVersion = 10.0.40219.1
Project("{FAE04EC0-301F-11D3-BF4B-00C04F79EFBC}") = "Tela_Login", "Tela_Login.csproj", "{069C9BAA-01F0-4B0B-B75B-5822A973EF1E}"
EndProject
Global
	GlobalSection(SolutionConfigurationPlatforms) = preSolution
		Debug|Any CPU = Debug|Any CPU
		Release|Any CPU = Release|Any CPU
	EndGlobalSection
	GlobalSection(ProjectConfigurationPlatforms) = postSolution
		{069C9BAA-01F0-4B0B-B75B-5822A973EF1E}.Debug|Any CPU.ActiveCfg = Debug|Any CPU
		{069C9BAA-01F0-4B0B-B75B-5822A973EF1E}.Debug|Any CPU.Build.0 = Debug|Any CPU
		{069C9BAA-01F0-4B0B-B75B-5822A973EF1E}.Release|Any CPU.ActiveCfg = Release|Any CPU
		{069C9BAA-01F0-4B0B-B75B-5822A973EF1E}.Release|Any CPU.Build.0 = Release|Any CPU
	EndGlobalSection
	GlobalSection(SolutionProperties) = preSolution
		HideSolutionNode = FALSE
	EndGlobalSection
	GlobalSection(ExtensibilityGlobals) = postSolution
		SolutionGuid = {95B2D979-4A99-4246-9857-AAEF8BCA5542}
	EndGlobalSection
EndGlobal
