
Microsoft Visual Studio Solution File, Format Version 12.00
# Visual Studio Version 16
VisualStudioVersion = 16.0.29926.136
MinimumVisualStudioVersion = 10.0.40219.1
Project("{FAE04EC0-301F-11D3-BF4B-00C04F79EFBC}") = "Sistema_Básico", "Sistema_Básico.csproj", "{341E7039-2593-41AC-ACC1-07CB58B55841}"
EndProject
Global
	GlobalSection(SolutionConfigurationPlatforms) = preSolution
		Debug|Any CPU = Debug|Any CPU
		Release|Any CPU = Release|Any CPU
	EndGlobalSection
	GlobalSection(ProjectConfigurationPlatforms) = postSolution
		{341E7039-2593-41AC-ACC1-07CB58B55841}.Debug|Any CPU.ActiveCfg = Debug|Any CPU
		{341E7039-2593-41AC-ACC1-07CB58B55841}.Debug|Any CPU.Build.0 = Debug|Any CPU
		{341E7039-2593-41AC-ACC1-07CB58B55841}.Release|Any CPU.ActiveCfg = Release|Any CPU
		{341E7039-2593-41AC-ACC1-07CB58B55841}.Release|Any CPU.Build.0 = Release|Any CPU
	EndGlobalSection
	GlobalSection(SolutionProperties) = preSolution
		HideSolutionNode = FALSE
	EndGlobalSection
	GlobalSection(ExtensibilityGlobals) = postSolution
		SolutionGuid = {554FB19C-01BC-42BC-9193-44115AA5161B}
	EndGlobalSection
EndGlobal
