
Microsoft Visual Studio Solution File, Format Version 12.00
# Visual Studio Version 16
VisualStudioVersion = 16.0.29926.136
MinimumVisualStudioVersion = 10.0.40219.1
Project("{FAE04EC0-301F-11D3-BF4B-00C04F79EFBC}") = "Tratamento_de_erros", "Tratamento_de_erros.csproj", "{67D954D3-E56B-48A0-B803-E0EA9D050C54}"
EndProject
Global
	GlobalSection(SolutionConfigurationPlatforms) = preSolution
		Debug|Any CPU = Debug|Any CPU
		Release|Any CPU = Release|Any CPU
	EndGlobalSection
	GlobalSection(ProjectConfigurationPlatforms) = postSolution
		{67D954D3-E56B-48A0-B803-E0EA9D050C54}.Debug|Any CPU.ActiveCfg = Debug|Any CPU
		{67D954D3-E56B-48A0-B803-E0EA9D050C54}.Debug|Any CPU.Build.0 = Debug|Any CPU
		{67D954D3-E56B-48A0-B803-E0EA9D050C54}.Release|Any CPU.ActiveCfg = Release|Any CPU
		{67D954D3-E56B-48A0-B803-E0EA9D050C54}.Release|Any CPU.Build.0 = Release|Any CPU
	EndGlobalSection
	GlobalSection(SolutionProperties) = preSolution
		HideSolutionNode = FALSE
	EndGlobalSection
	GlobalSection(ExtensibilityGlobals) = postSolution
		SolutionGuid = {790129AD-4234-41CE-89D4-8F3ABA357509}
	EndGlobalSection
EndGlobal
